
Microsoft Visual Studio Solution File, Format Version 12.00
# Visual Studio 15
VisualStudioVersion = 15.0.28010.2046
MinimumVisualStudioVersion = 10.0.40219.1
Project("{FAE04EC0-301F-11D3-BF4B-00C04F79EFBC}") = "Submodules.Second.Contracts", "Submodules.Second.Contracts\Submodules.Second.Contracts.csproj", "{BD811E89-87F8-4224-A9C5-9F0194CEA949}"
EndProject
Project("{FAE04EC0-301F-11D3-BF4B-00C04F79EFBC}") = "Submodules.Second.Logic", "Submodules.Second.Logic\Submodules.Second.Logic.csproj", "{5E314B2B-6968-46B4-AA1D-107B021BCF58}"
EndProject
Global
	GlobalSection(SolutionConfigurationPlatforms) = preSolution
		Debug|Any CPU = Debug|Any CPU
		Release|Any CPU = Release|Any CPU
	EndGlobalSection
	GlobalSection(ProjectConfigurationPlatforms) = postSolution
		{BD811E89-87F8-4224-A9C5-9F0194CEA949}.Debug|Any CPU.ActiveCfg = Debug|Any CPU
		{BD811E89-87F8-4224-A9C5-9F0194CEA949}.Debug|Any CPU.Build.0 = Debug|Any CPU
		{BD811E89-87F8-4224-A9C5-9F0194CEA949}.Release|Any CPU.ActiveCfg = Release|Any CPU
		{BD811E89-87F8-4224-A9C5-9F0194CEA949}.Release|Any CPU.Build.0 = Release|Any CPU
		{5E314B2B-6968-46B4-AA1D-107B021BCF58}.Debug|Any CPU.ActiveCfg = Debug|Any CPU
		{5E314B2B-6968-46B4-AA1D-107B021BCF58}.Debug|Any CPU.Build.0 = Debug|Any CPU
		{5E314B2B-6968-46B4-AA1D-107B021BCF58}.Release|Any CPU.ActiveCfg = Release|Any CPU
		{5E314B2B-6968-46B4-AA1D-107B021BCF58}.Release|Any CPU.Build.0 = Release|Any CPU
	EndGlobalSection
	GlobalSection(SolutionProperties) = preSolution
		HideSolutionNode = FALSE
	EndGlobalSection
	GlobalSection(ExtensibilityGlobals) = postSolution
		SolutionGuid = {5542048F-79B2-45A4-A617-C2CDFF1826C1}
	EndGlobalSection
EndGlobal
